
Microsoft Visual Studio Solution File, Format Version 12.00
# Visual Studio Version 16
VisualStudioVersion = 16.0.31321.278
MinimumVisualStudioVersion = 10.0.40219.1
Project("{8BC9CEB8-8B4A-11D0-8D11-00A0C91BC942}") = "MyFirstGame_Pong", "MyFirstGame_Pong.vcxproj", "{83C07BA6-80E8-42B9-AC1D-210952C807DF}"
EndProject
Global
	GlobalSection(SolutionConfigurationPlatforms) = preSolution
		Debug|x64 = Debug|x64
		Debug|x86 = Debug|x86
		Release|x64 = Release|x64
		Release|x86 = Release|x86
	EndGlobalSection
	GlobalSection(ProjectConfigurationPlatforms) = postSolution
		{83C07BA6-80E8-42B9-AC1D-210952C807DF}.Debug|x64.ActiveCfg = Debug|x64
		{83C07BA6-80E8-42B9-AC1D-210952C807DF}.Debug|x64.Build.0 = Debug|x64
		{83C07BA6-80E8-42B9-AC1D-210952C807DF}.Debug|x86.ActiveCfg = Debug|Win32
		{83C07BA6-80E8-42B9-AC1D-210952C807DF}.Debug|x86.Build.0 = Debug|Win32
		{83C07BA6-80E8-42B9-AC1D-210952C807DF}.Release|x64.ActiveCfg = Release|x64
		{83C07BA6-80E8-42B9-AC1D-210952C807DF}.Release|x64.Build.0 = Release|x64
		{83C07BA6-80E8-42B9-AC1D-210952C807DF}.Release|x86.ActiveCfg = Release|Win32
		{83C07BA6-80E8-42B9-AC1D-210952C807DF}.Release|x86.Build.0 = Release|Win32
	EndGlobalSection
	GlobalSection(SolutionProperties) = preSolution
		HideSolutionNode = FALSE
	EndGlobalSection
	GlobalSection(ExtensibilityGlobals) = postSolution
		SolutionGuid = {5B700F76-4F14-40BC-A4BF-BF06A2EEAC22}
	EndGlobalSection
EndGlobal
