
Microsoft Visual Studio Solution File, Format Version 12.00
# Visual Studio Version 16
VisualStudioVersion = 16.0.31321.278
MinimumVisualStudioVersion = 10.0.40219.1
Project("{8BC9CEB8-8B4A-11D0-8D11-00A0C91BC942}") = "SDL_00", "SDL_00.vcxproj", "{D877FE69-F1FF-461F-B41C-394D1DF0944F}"
EndProject
Global
	GlobalSection(SolutionConfigurationPlatforms) = preSolution
		Debug|x64 = Debug|x64
		Debug|x86 = Debug|x86
		Release|x64 = Release|x64
		Release|x86 = Release|x86
	EndGlobalSection
	GlobalSection(ProjectConfigurationPlatforms) = postSolution
		{D877FE69-F1FF-461F-B41C-394D1DF0944F}.Debug|x64.ActiveCfg = Debug|x64
		{D877FE69-F1FF-461F-B41C-394D1DF0944F}.Debug|x64.Build.0 = Debug|x64
		{D877FE69-F1FF-461F-B41C-394D1DF0944F}.Debug|x86.ActiveCfg = Debug|Win32
		{D877FE69-F1FF-461F-B41C-394D1DF0944F}.Debug|x86.Build.0 = Debug|Win32
		{D877FE69-F1FF-461F-B41C-394D1DF0944F}.Release|x64.ActiveCfg = Release|x64
		{D877FE69-F1FF-461F-B41C-394D1DF0944F}.Release|x64.Build.0 = Release|x64
		{D877FE69-F1FF-461F-B41C-394D1DF0944F}.Release|x86.ActiveCfg = Release|Win32
		{D877FE69-F1FF-461F-B41C-394D1DF0944F}.Release|x86.Build.0 = Release|Win32
	EndGlobalSection
	GlobalSection(SolutionProperties) = preSolution
		HideSolutionNode = FALSE
	EndGlobalSection
	GlobalSection(ExtensibilityGlobals) = postSolution
		SolutionGuid = {221381E0-DB6D-4AA4-85E8-4A9B612A8596}
	EndGlobalSection
EndGlobal
